{
  "requires": true,
  "lockfileVersion": 1,
  "dependencies": {
    "bootstrap-select": {
      "version": "1.13.12",
      "resolved": "https://registry.npmjs.org/bootstrap-select/-/bootstrap-select-1.13.12.tgz",
      "integrity": "sha512-epsPt6WpgmL9Q9Y22JFntajdhhqvCwV/JKiBZF3YFvMHK9YzzDPQft/Cjqvsgq0bhF32BlvG03Qs3qA/pVRAqQ=="
    },
    "jquery": {
      "version": "3.4.1",
      "resolved": "https://registry.npmjs.org/jquery/-/jquery-3.4.1.tgz",
      "integrity": "sha512-36+AdBzCL+y6qjw5Tx7HgzeGCzC81MDDgaUP8ld2zhx58HdqXGoBd+tHdrBMiyjGQs0Hxs/MLZTu/eHNJJuWPw=="
    },
    "jquery-editable-select": {
      "version": "2.2.5",
      "resolved": "https://registry.npmjs.org/jquery-editable-select/-/jquery-editable-select-2.2.5.tgz",
      "integrity": "sha1-ENl6NU/tkPgdwP/FVb+VvJqukJQ=",
      "requires": {
        "jquery": ">=1.1.1"
      }
    }
  }
}
